
Microsoft Visual Studio Solution File, Format Version 12.00
# Visual Studio 14
VisualStudioVersion = 14.0.25420.1
MinimumVisualStudioVersion = 10.0.40219.1
Project("{FAE04EC0-301F-11D3-BF4B-00C04F79EFBC}") = "Demo.App.Forms", "Demo.App.Forms\Demo.App.Forms.csproj", "{2AA20BF3-B129-4438-8897-E21E83FD029A}"
EndProject
Project("{FAE04EC0-301F-11D3-BF4B-00C04F79EFBC}") = "Demo.App.Forms.Droid", "Demo.App.Forms.Droid\Demo.App.Forms.Droid.csproj", "{4066624F-13C1-4CD6-8F4A-AC36A81DA560}"
EndProject
Global
	GlobalSection(SolutionConfigurationPlatforms) = preSolution
		Debug|Any CPU = Debug|Any CPU
		Release|Any CPU = Release|Any CPU
	EndGlobalSection
	GlobalSection(ProjectConfigurationPlatforms) = postSolution
		{2AA20BF3-B129-4438-8897-E21E83FD029A}.Debug|Any CPU.ActiveCfg = Debug|Any CPU
		{2AA20BF3-B129-4438-8897-E21E83FD029A}.Debug|Any CPU.Build.0 = Debug|Any CPU
		{2AA20BF3-B129-4438-8897-E21E83FD029A}.Release|Any CPU.ActiveCfg = Release|Any CPU
		{2AA20BF3-B129-4438-8897-E21E83FD029A}.Release|Any CPU.Build.0 = Release|Any CPU
		{4066624F-13C1-4CD6-8F4A-AC36A81DA560}.Debug|Any CPU.ActiveCfg = Debug|Any CPU
		{4066624F-13C1-4CD6-8F4A-AC36A81DA560}.Debug|Any CPU.Build.0 = Debug|Any CPU
		{4066624F-13C1-4CD6-8F4A-AC36A81DA560}.Debug|Any CPU.Deploy.0 = Debug|Any CPU
		{4066624F-13C1-4CD6-8F4A-AC36A81DA560}.Release|Any CPU.ActiveCfg = Release|Any CPU
		{4066624F-13C1-4CD6-8F4A-AC36A81DA560}.Release|Any CPU.Build.0 = Release|Any CPU
		{4066624F-13C1-4CD6-8F4A-AC36A81DA560}.Release|Any CPU.Deploy.0 = Release|Any CPU
	EndGlobalSection
	GlobalSection(SolutionProperties) = preSolution
		HideSolutionNode = FALSE
	EndGlobalSection
EndGlobal
